{
  "version": 4,
  "terraform_version": "1.4.4",
  "serial": 2,
  "lineage": "141bc57a-f53a-782d-3e6e-582e5bf02f9e",
  "outputs": {
    "vpc_id": {
      "value": "vpc-0844f155944eb825e",
      "type": "string"
    }
  },
  "resources": [
    {
      "mode": "managed",
      "type": "aws_vpc",
      "name": "demo-vpc",
      "provider": "provider[\"registry.terraform.io/hashicorp/aws\"]",
      "instances": [
        {
          "schema_version": 1,
          "attributes": {
            "arn": "arn:aws:ec2:us-east-1:734296278951:vpc/vpc-0844f155944eb825e",
            "assign_generated_ipv6_cidr_block": false,
            "cidr_block": "10.0.0.0/16",
            "default_network_acl_id": "acl-0dc7171fda6c6ee9a",
            "default_route_table_id": "rtb-0afa009d7d2d0e934",
            "default_security_group_id": "sg-0a5cdad0516e70ab6",
            "dhcp_options_id": "dopt-19df3a64",
            "enable_classiclink": false,
            "enable_classiclink_dns_support": false,
            "enable_dns_hostnames": false,
            "enable_dns_support": true,
            "id": "vpc-0844f155944eb825e",
            "instance_tenancy": "default",
            "ipv4_ipam_pool_id": null,
            "ipv4_netmask_length": null,
            "ipv6_association_id": "",
            "ipv6_cidr_block": "",
            "ipv6_cidr_block_network_border_group": "",
            "ipv6_ipam_pool_id": "",
            "ipv6_netmask_length": 0,
            "main_route_table_id": "rtb-0afa009d7d2d0e934",
            "owner_id": "734296278951",
            "tags": {
              "Name": "terraform-demo-vpc"
            },
            "tags_all": {
              "Name": "terraform-demo-vpc"
            }
          },
          "sensitive_attributes": [],
          "private": "eyJzY2hlbWFfdmVyc2lvbiI6IjEifQ=="
        }
      ]
    }
  ],
  "check_results": null
}
